
Microsoft Visual Studio Solution File, Format Version 12.00
# Visual Studio Version 16
VisualStudioVersion = 16.0.32510.428
MinimumVisualStudioVersion = 10.0.40219.1
Project("{FAE04EC0-301F-11D3-BF4B-00C04F79EFBC}") = "ConsoleApp18", "ConsoleApp18\ConsoleApp18.csproj", "{6AC0FE93-F959-48BC-87D7-53A1D54B970A}"
EndProject
Global
	GlobalSection(SolutionConfigurationPlatforms) = preSolution
		Debug|Any CPU = Debug|Any CPU
		Release|Any CPU = Release|Any CPU
	EndGlobalSection
	GlobalSection(ProjectConfigurationPlatforms) = postSolution
		{6AC0FE93-F959-48BC-87D7-53A1D54B970A}.Debug|Any CPU.ActiveCfg = Debug|Any CPU
		{6AC0FE93-F959-48BC-87D7-53A1D54B970A}.Debug|Any CPU.Build.0 = Debug|Any CPU
		{6AC0FE93-F959-48BC-87D7-53A1D54B970A}.Release|Any CPU.ActiveCfg = Release|Any CPU
		{6AC0FE93-F959-48BC-87D7-53A1D54B970A}.Release|Any CPU.Build.0 = Release|Any CPU
	EndGlobalSection
	GlobalSection(SolutionProperties) = preSolution
		HideSolutionNode = FALSE
	EndGlobalSection
	GlobalSection(ExtensibilityGlobals) = postSolution
		SolutionGuid = {74D86687-5A68-49CF-84F2-9B293F8F3CC1}
	EndGlobalSection
EndGlobal
